
Microsoft Visual Studio Solution File, Format Version 12.00
# Visual Studio 15
VisualStudioVersion = 15.0.28307.168
MinimumVisualStudioVersion = 10.0.40219.1
Project("{FAE04EC0-301F-11D3-BF4B-00C04F79EFBC}") = "SynAP", "SynAP\SynAP.csproj", "{585CAD5B-105F-4425-B8E0-1791221EE3BC}"
EndProject
Project("{2150E333-8FDC-42A3-9474-1A3956D46DE8}") = "Solution Items", "Solution Items", "{7A0ADDB2-37C5-4295-98BB-62D3669B87B2}"
	ProjectSection(SolutionItems) = preProject
		README.md = README.md
	EndProjectSection
EndProject
Project("{2150E333-8FDC-42A3-9474-1A3956D46DE8}") = "GitHub", "GitHub", "{9C59513B-D2EB-469E-9083-03C986407AC2}"
EndProject
Project("{2150E333-8FDC-42A3-9474-1A3956D46DE8}") = "Issue Templates", "Issue Templates", "{DE668880-0A4E-43B8-AA82-4BB6A994B69C}"
	ProjectSection(SolutionItems) = preProject
		.github\ISSUE_TEMPLATE\feature-request.md = .github\ISSUE_TEMPLATE\feature-request.md
	EndProjectSection
EndProject
Global
	GlobalSection(SolutionConfigurationPlatforms) = preSolution
		Debug|Any CPU = Debug|Any CPU
		Release|Any CPU = Release|Any CPU
	EndGlobalSection
	GlobalSection(ProjectConfigurationPlatforms) = postSolution
		{585CAD5B-105F-4425-B8E0-1791221EE3BC}.Debug|Any CPU.ActiveCfg = Debug|Any CPU
		{585CAD5B-105F-4425-B8E0-1791221EE3BC}.Debug|Any CPU.Build.0 = Debug|Any CPU
		{585CAD5B-105F-4425-B8E0-1791221EE3BC}.Release|Any CPU.ActiveCfg = Release|Any CPU
		{585CAD5B-105F-4425-B8E0-1791221EE3BC}.Release|Any CPU.Build.0 = Release|Any CPU
	EndGlobalSection
	GlobalSection(SolutionProperties) = preSolution
		HideSolutionNode = FALSE
	EndGlobalSection
	GlobalSection(NestedProjects) = preSolution
		{9C59513B-D2EB-469E-9083-03C986407AC2} = {7A0ADDB2-37C5-4295-98BB-62D3669B87B2}
		{DE668880-0A4E-43B8-AA82-4BB6A994B69C} = {9C59513B-D2EB-469E-9083-03C986407AC2}
	EndGlobalSection
	GlobalSection(ExtensibilityGlobals) = postSolution
		SolutionGuid = {BE8685B5-2976-4442-9A52-92E0C86F3351}
	EndGlobalSection
EndGlobal
